// !$*UTF8*$!
{
	archiveVersion = 1;
	classes = {
	};
	objectVersion = 46;
	objects = {

/* Begin PBXBuildFile section */
		0307F23AFE1811C039222A6F /* Pods_PokeDex.framework in Frameworks */ = {isa = PBXBuildFile; fileRef = A6161CF22C6DEC82F5A9ECC7 /* Pods_PokeDex.framework */; };
		D73C3FC91EC1979500FE0592 /* pokemon.csv in Resources */ = {isa = PBXBuildFile; fileRef = D73C3FC81EC1979500FE0592 /* pokemon.csv */; };
		D73C3FCC1EC2027800FE0592 /* Pokemon.swift in Sources */ = {isa = PBXBuildFile; fileRef = D73C3FCB1EC2027800FE0592 /* Pokemon.swift */; };
		D73C400E1EC24FEE00FE0592 /* PokemonCollectionVC.swift in Sources */ = {isa = PBXBuildFile; fileRef = D73C400D1EC24FEE00FE0592 /* PokemonCollectionVC.swift */; };
		D789B1101EC412D8000BAD09 /* csv.swift in Sources */ = {isa = PBXBuildFile; fileRef = D789B10F1EC412D8000BAD09 /* csv.swift */; };
		D789B1121EC4D3F1000BAD09 /* PokemonDetailsVC.swift in Sources */ = {isa = PBXBuildFile; fileRef = D789B1111EC4D3F1000BAD09 /* PokemonDetailsVC.swift */; };
		D789B1161EC6612A000BAD09 /* Pokemon Solid.ttf in Resources */ = {isa = PBXBuildFile; fileRef = D789B1151EC6612A000BAD09 /* Pokemon Solid.ttf */; };
		D789B11B1ECA56CB000BAD09 /* Constants.swift in Sources */ = {isa = PBXBuildFile; fileRef = D789B11A1ECA56CB000BAD09 /* Constants.swift */; };
		D7F372911EC18F8D004F9457 /* AppDelegate.swift in Sources */ = {isa = PBXBuildFile; fileRef = D7F372901EC18F8D004F9457 /* AppDelegate.swift */; };
		D7F372931EC18F8D004F9457 /* ViewController.swift in Sources */ = {isa = PBXBuildFile; fileRef = D7F372921EC18F8D004F9457 /* ViewController.swift */; };
		D7F372961EC18F8D004F9457 /* Main.storyboard in Resources */ = {isa = PBXBuildFile; fileRef = D7F372941EC18F8D004F9457 /* Main.storyboard */; };
		D7F372981EC18F8D004F9457 /* Assets.xcassets in Resources */ = {isa = PBXBuildFile; fileRef = D7F372971EC18F8D004F9457 /* Assets.xcassets */; };
		D7F3729B1EC18F8D004F9457 /* LaunchScreen.storyboard in Resources */ = {isa = PBXBuildFile; fileRef = D7F372991EC18F8D004F9457 /* LaunchScreen.storyboard */; };
/* End PBXBuildFile section */

/* Begin PBXFileReference section */
		A6161CF22C6DEC82F5A9ECC7 /* Pods_PokeDex.framework */ = {isa = PBXFileReference; explicitFileType = wrapper.framework; includeInIndex = 0; path = Pods_PokeDex.framework; sourceTree = BUILT_PRODUCTS_DIR; };
		B3216DC3B513B89868FF99FD /* Pods-PokeDex.debug.xcconfig */ = {isa = PBXFileReference; includeInIndex = 1; lastKnownFileType = text.xcconfig; name = "Pods-PokeDex.debug.xcconfig"; path = "Pods/Target Support Files/Pods-PokeDex/Pods-PokeDex.debug.xcconfig"; sourceTree = "<group>"; };
		D18A1252C15F984DD645518F /* Pods-PokeDex.release.xcconfig */ = {isa = PBXFileReference; includeInIndex = 1; lastKnownFileType = text.xcconfig; name = "Pods-PokeDex.release.xcconfig"; path = "Pods/Target Support Files/Pods-PokeDex/Pods-PokeDex.release.xcconfig"; sourceTree = "<group>"; };
		D73C3FC81EC1979500FE0592 /* pokemon.csv */ = {isa = PBXFileReference; fileEncoding = 4; lastKnownFileType = text; name = pokemon.csv; path = PokeDex/pokemon.csv; sourceTree = "<group>"; };
		D73C3FCB1EC2027800FE0592 /* Pokemon.swift */ = {isa = PBXFileReference; fileEncoding = 4; lastKnownFileType = sourcecode.swift; path = Pokemon.swift; sourceTree = "<group>"; };
		D73C400D1EC24FEE00FE0592 /* PokemonCollectionVC.swift */ = {isa = PBXFileReference; fileEncoding = 4; lastKnownFileType = sourcecode.swift; path = PokemonCollectionVC.swift; sourceTree = "<group>"; };
		D789B10F1EC412D8000BAD09 /* csv.swift */ = {isa = PBXFileReference; fileEncoding = 4; lastKnownFileType = sourcecode.swift; name = csv.swift; path = PokeDex/csv.swift; sourceTree = "<group>"; };
		D789B1111EC4D3F1000BAD09 /* PokemonDetailsVC.swift */ = {isa = PBXFileReference; fileEncoding = 4; lastKnownFileType = sourcecode.swift; path = PokemonDetailsVC.swift; sourceTree = "<group>"; };
		D789B1151EC6612A000BAD09 /* Pokemon Solid.ttf */ = {isa = PBXFileReference; lastKnownFileType = file; name = "Pokemon Solid.ttf"; path = "PokeDex/Pokemon Solid.ttf"; sourceTree = "<group>"; };
		D789B11A1ECA56CB000BAD09 /* Constants.swift */ = {isa = PBXFileReference; fileEncoding = 4; lastKnownFileType = sourcecode.swift; path = Constants.swift; sourceTree = "<group>"; };
		D7F3728D1EC18F8D004F9457 /* PokeDex.app */ = {isa = PBXFileReference; explicitFileType = wrapper.application; includeInIndex = 0; path = PokeDex.app; sourceTree = BUILT_PRODUCTS_DIR; };
		D7F372901EC18F8D004F9457 /* AppDelegate.swift */ = {isa = PBXFileReference; lastKnownFileType = sourcecode.swift; name = AppDelegate.swift; path = PokeDex/AppDelegate.swift; sourceTree = "<group>"; };
		D7F372921EC18F8D004F9457 /* ViewController.swift */ = {isa = PBXFileReference; lastKnownFileType = sourcecode.swift; path = ViewController.swift; sourceTree = "<group>"; };
		D7F372951EC18F8D004F9457 /* Base */ = {isa = PBXFileReference; lastKnownFileType = file.storyboard; name = Base; path = Base.lproj/Main.storyboard; sourceTree = "<group>"; };
		D7F372971EC18F8D004F9457 /* Assets.xcassets */ = {isa = PBXFileReference; lastKnownFileType = folder.assetcatalog; name = Assets.xcassets; path = PokeDex/Assets.xcassets; sourceTree = "<group>"; };
		D7F3729A1EC18F8D004F9457 /* Base */ = {isa = PBXFileReference; lastKnownFileType = file.storyboard; name = Base; path = Base.lproj/LaunchScreen.storyboard; sourceTree = "<group>"; };
		D7F3729C1EC18F8D004F9457 /* Info.plist */ = {isa = PBXFileReference; lastKnownFileType = text.plist.xml; path = Info.plist; sourceTree = "<group>"; };
/* End PBXFileReference section */

/* Begin PBXFrameworksBuildPhase section */
		D7F3728A1EC18F8D004F9457 /* Frameworks */ = {
			isa = PBXFrameworksBuildPhase;
			buildActionMask = 2147483647;
			files = (
				0307F23AFE1811C039222A6F /* Pods_PokeDex.framework in Frameworks */,
			);
			runOnlyForDeploymentPostprocessing = 0;
		};
/* End PBXFrameworksBuildPhase section */

/* Begin PBXGroup section */
		675B7489E58D72EE7E0CF795 /* Frameworks */ = {
			isa = PBXGroup;
			children = (
				A6161CF22C6DEC82F5A9ECC7 /* Pods_PokeDex.framework */,
			);
			name = Frameworks;
			sourceTree = "<group>";
		};
		AF6CAF04122A84AA3043AF6A /* Pods */ = {
			isa = PBXGroup;
			children = (
				B3216DC3B513B89868FF99FD /* Pods-PokeDex.debug.xcconfig */,
				D18A1252C15F984DD645518F /* Pods-PokeDex.release.xcconfig */,
			);
			name = Pods;
			sourceTree = "<group>";
		};
		D73C3FCA1EC201C200FE0592 /* Model */ = {
			isa = PBXGroup;
			children = (
				D73C3FCB1EC2027800FE0592 /* Pokemon.swift */,
				D789B11A1ECA56CB000BAD09 /* Constants.swift */,
			);
			name = Model;
			sourceTree = "<group>";
		};
		D73C400A1EC24F7F00FE0592 /* View */ = {
			isa = PBXGroup;
			children = (
				D73C400D1EC24FEE00FE0592 /* PokemonCollectionVC.swift */,
				D7F372921EC18F8D004F9457 /* ViewController.swift */,
				D789B1111EC4D3F1000BAD09 /* PokemonDetailsVC.swift */,
			);
			name = View;
			sourceTree = "<group>";
		};
		D789B1171EC66131000BAD09 /* Resources */ = {
			isa = PBXGroup;
			children = (
				D7F372971EC18F8D004F9457 /* Assets.xcassets */,
				D789B10F1EC412D8000BAD09 /* csv.swift */,
				D73C3FC81EC1979500FE0592 /* pokemon.csv */,
				D789B1151EC6612A000BAD09 /* Pokemon Solid.ttf */,
				D7F372901EC18F8D004F9457 /* AppDelegate.swift */,
			);
			name = Resources;
			path = ..;
			sourceTree = "<group>";
		};
		D7F372841EC18F8D004F9457 = {
			isa = PBXGroup;
			children = (
				D7F3728F1EC18F8D004F9457 /* PokeDex */,
				D7F3728E1EC18F8D004F9457 /* Products */,
				AF6CAF04122A84AA3043AF6A /* Pods */,
				675B7489E58D72EE7E0CF795 /* Frameworks */,
			);
			sourceTree = "<group>";
		};
		D7F3728E1EC18F8D004F9457 /* Products */ = {
			isa = PBXGroup;
			children = (
				D7F3728D1EC18F8D004F9457 /* PokeDex.app */,
			);
			name = Products;
			sourceTree = "<group>";
		};
		D7F3728F1EC18F8D004F9457 /* PokeDex */ = {
			isa = PBXGroup;
			children = (
				D73C400A1EC24F7F00FE0592 /* View */,
				D73C3FCA1EC201C200FE0592 /* Model */,
				D789B1171EC66131000BAD09 /* Resources */,
				D7F372941EC18F8D004F9457 /* Main.storyboard */,
				D7F372991EC18F8D004F9457 /* LaunchScreen.storyboard */,
				D7F3729C1EC18F8D004F9457 /* Info.plist */,
			);
			path = PokeDex;
			sourceTree = "<group>";
		};
/* End PBXGroup section */

/* Begin PBXNativeTarget section */
		D7F3728C1EC18F8D004F9457 /* PokeDex */ = {
			isa = PBXNativeTarget;
			buildConfigurationList = D7F372B51EC18F8D004F9457 /* Build configuration list for PBXNativeTarget "PokeDex" */;
			buildPhases = (
				4AAE4663F9902C1C07515C84 /* [CP] Check Pods Manifest.lock */,
				D7F372891EC18F8D004F9457 /* Sources */,
				D7F3728A1EC18F8D004F9457 /* Frameworks */,
				D7F3728B1EC18F8D004F9457 /* Resources */,
				27E56BD46324896BD6F78D19 /* [CP] Embed Pods Frameworks */,
				18A18260261B548B2C2903D5 /* [CP] Copy Pods Resources */,
			);
			buildRules = (
			);
			dependencies = (
			);
			name = PokeDex;
			productName = PokeDex;
			productReference = D7F3728D1EC18F8D004F9457 /* PokeDex.app */;
			productType = "com.apple.product-type.application";
		};
/* End PBXNativeTarget section */

/* Begin PBXProject section */
		D7F372851EC18F8D004F9457 /* Project object */ = {
			isa = PBXProject;
			attributes = {
				LastSwiftUpdateCheck = 0800;
				LastUpgradeCheck = 0800;
				ORGANIZATIONNAME = Sachin;
				TargetAttributes = {
					D7F3728C1EC18F8D004F9457 = {
						CreatedOnToolsVersion = 8.0;
						LastSwiftMigration = 0800;
						ProvisioningStyle = Automatic;
					};
				};
			};
			buildConfigurationList = D7F372881EC18F8D004F9457 /* Build configuration list for PBXProject "PokeDex" */;
			compatibilityVersion = "Xcode 3.2";
			developmentRegion = English;
			hasScannedForEncodings = 0;
			knownRegions = (
				en,
				Base,
			);
			mainGroup = D7F372841EC18F8D004F9457;
			productRefGroup = D7F3728E1EC18F8D004F9457 /* Products */;
			projectDirPath = "";
			projectRoot = "";
			targets = (
				D7F3728C1EC18F8D004F9457 /* PokeDex */,
			);
		};
/* End PBXProject section */

/* Begin PBXResourcesBuildPhase section */
		D7F3728B1EC18F8D004F9457 /* Resources */ = {
			isa = PBXResourcesBuildPhase;
			buildActionMask = 2147483647;
			files = (
				D789B1161EC6612A000BAD09 /* Pokemon Solid.ttf in Resources */,
				D7F3729B1EC18F8D004F9457 /* LaunchScreen.storyboard in Resources */,
				D7F372981EC18F8D004F9457 /* Assets.xcassets in Resources */,
				D73C3FC91EC1979500FE0592 /* pokemon.csv in Resources */,
				D7F372961EC18F8D004F9457 /* Main.storyboard in Resources */,
			);
			runOnlyForDeploymentPostprocessing = 0;
		};
/* End PBXResourcesBuildPhase section */

/* Begin PBXShellScriptBuildPhase section */
		18A18260261B548B2C2903D5 /* [CP] Copy Pods Resources */ = {
			isa = PBXShellScriptBuildPhase;
			buildActionMask = 2147483647;
			files = (
			);
			inputPaths = (
			);
			name = "[CP] Copy Pods Resources";
			outputPaths = (
			);
			runOnlyForDeploymentPostprocessing = 0;
			shellPath = /bin/sh;
			shellScript = "\"${SRCROOT}/Pods/Target Support Files/Pods-PokeDex/Pods-PokeDex-resources.sh\"\n";
			showEnvVarsInLog = 0;
		};
		27E56BD46324896BD6F78D19 /* [CP] Embed Pods Frameworks */ = {
			isa = PBXShellScriptBuildPhase;
			buildActionMask = 2147483647;
			files = (
			);
			inputPaths = (
			);
			name = "[CP] Embed Pods Frameworks";
			outputPaths = (
			);
			runOnlyForDeploymentPostprocessing = 0;
			shellPath = /bin/sh;
			shellScript = "\"${SRCROOT}/Pods/Target Support Files/Pods-PokeDex/Pods-PokeDex-frameworks.sh\"\n";
			showEnvVarsInLog = 0;
		};
		4AAE4663F9902C1C07515C84 /* [CP] Check Pods Manifest.lock */ = {
			isa = PBXShellScriptBuildPhase;
			buildActionMask = 2147483647;
			files = (
			);
			inputPaths = (
			);
			name = "[CP] Check Pods Manifest.lock";
			outputPaths = (
			);
			runOnlyForDeploymentPostprocessing = 0;
			shellPath = /bin/sh;
			shellScript = "diff \"${PODS_PODFILE_DIR_PATH}/Podfile.lock\" \"${PODS_ROOT}/Manifest.lock\" > /dev/null\nif [ $? != 0 ] ; then\n    # print error to STDERR\n    echo \"error: The sandbox is not in sync with the Podfile.lock. Run 'pod install' or update your CocoaPods installation.\" >&2\n    exit 1\nfi\n";
			showEnvVarsInLog = 0;
		};
/* End PBXShellScriptBuildPhase section */

/* Begin PBXSourcesBuildPhase section */
		D7F372891EC18F8D004F9457 /* Sources */ = {
			isa = PBXSourcesBuildPhase;
			buildActionMask = 2147483647;
			files = (
				D7F372931EC18F8D004F9457 /* ViewController.swift in Sources */,
				D7F372911EC18F8D004F9457 /* AppDelegate.swift in Sources */,
				D73C400E1EC24FEE00FE0592 /* PokemonCollectionVC.swift in Sources */,
				D73C3FCC1EC2027800FE0592 /* Pokemon.swift in Sources */,
				D789B11B1ECA56CB000BAD09 /* Constants.swift in Sources */,
				D789B1101EC412D8000BAD09 /* csv.swift in Sources */,
				D789B1121EC4D3F1000BAD09 /* PokemonDetailsVC.swift in Sources */,
			);
			runOnlyForDeploymentPostprocessing = 0;
		};
/* End PBXSourcesBuildPhase section */

/* Begin PBXVariantGroup section */
		D7F372941EC18F8D004F9457 /* Main.storyboard */ = {
			isa = PBXVariantGroup;
			children = (
				D7F372951EC18F8D004F9457 /* Base */,
			);
			name = Main.storyboard;
			sourceTree = "<group>";
		};
		D7F372991EC18F8D004F9457 /* LaunchScreen.storyboard */ = {
			isa = PBXVariantGroup;
			children = (
				D7F3729A1EC18F8D004F9457 /* Base */,
			);
			name = LaunchScreen.storyboard;
			sourceTree = "<group>";
		};
/* End PBXVariantGroup section */

/* Begin XCBuildConfiguration section */
		D7F372B31EC18F8D004F9457 /* Debug */ = {
			isa = XCBuildConfiguration;
			buildSettings = {
				ALWAYS_SEARCH_USER_PATHS = NO;
				CLANG_ANALYZER_NONNULL = YES;
				CLANG_CXX_LANGUAGE_STANDARD = "gnu++0x";
				CLANG_CXX_LIBRARY = "libc++";
				CLANG_ENABLE_MODULES = YES;
				CLANG_ENABLE_OBJC_ARC = YES;
				CLANG_WARN_BOOL_CONVERSION = YES;
				CLANG_WARN_CONSTANT_CONVERSION = YES;
				CLANG_WARN_DIRECT_OBJC_ISA_USAGE = YES_ERROR;
				CLANG_WARN_DOCUMENTATION_COMMENTS = YES;
				CLANG_WARN_EMPTY_BODY = YES;
				CLANG_WARN_ENUM_CONVERSION = YES;
				CLANG_WARN_INFINITE_RECURSION = YES;
				CLANG_WARN_INT_CONVERSION = YES;
				CLANG_WARN_OBJC_ROOT_CLASS = YES_ERROR;
				CLANG_WARN_SUSPICIOUS_MOVES = YES;
				CLANG_WARN_UNREACHABLE_CODE = YES;
				CLANG_WARN__DUPLICATE_METHOD_MATCH = YES;
				"CODE_SIGN_IDENTITY[sdk=iphoneos*]" = "iPhone Developer";
				COPY_PHASE_STRIP = NO;
				DEBUG_INFORMATION_FORMAT = dwarf;
				ENABLE_STRICT_OBJC_MSGSEND = YES;
				ENABLE_TESTABILITY = YES;
				GCC_C_LANGUAGE_STANDARD = gnu99;
				GCC_DYNAMIC_NO_PIC = NO;
				GCC_NO_COMMON_BLOCKS = YES;
				GCC_OPTIMIZATION_LEVEL = 0;
				GCC_PREPROCESSOR_DEFINITIONS = (
					"DEBUG=1",
					"$(inherited)",
				);
				GCC_WARN_64_TO_32_BIT_CONVERSION = YES;
				GCC_WARN_ABOUT_RETURN_TYPE = YES_ERROR;
				GCC_WARN_UNDECLARED_SELECTOR = YES;
				GCC_WARN_UNINITIALIZED_AUTOS = YES_AGGRESSIVE;
				GCC_WARN_UNUSED_FUNCTION = YES;
				GCC_WARN_UNUSED_VARIABLE = YES;
				IPHONEOS_DEPLOYMENT_TARGET = 10.0;
				MTL_ENABLE_DEBUG_INFO = YES;
				ONLY_ACTIVE_ARCH = YES;
				SDKROOT = iphoneos;
				SWIFT_ACTIVE_COMPILATION_CONDITIONS = DEBUG;
				SWIFT_OPTIMIZATION_LEVEL = "-Onone";
				TARGETED_DEVICE_FAMILY = "1,2";
			};
			name = Debug;
		};
		D7F372B41EC18F8D004F9457 /* Release */ = {
			isa = XCBuildConfiguration;
			buildSettings = {
				ALWAYS_SEARCH_USER_PATHS = NO;
				CLANG_ANALYZER_NONNULL = YES;
				CLANG_CXX_LANGUAGE_STANDARD = "gnu++0x";
				CLANG_CXX_LIBRARY = "libc++";
				CLANG_ENABLE_MODULES = YES;
				CLANG_ENABLE_OBJC_ARC = YES;
				CLANG_WARN_BOOL_CONVERSION = YES;
				CLANG_WARN_CONSTANT_CONVERSION = YES;
				CLANG_WARN_DIRECT_OBJC_ISA_USAGE = YES_ERROR;
				CLANG_WARN_DOCUMENTATION_COMMENTS = YES;
				CLANG_WARN_EMPTY_BODY = YES;
				CLANG_WARN_ENUM_CONVERSION = YES;
				CLANG_WARN_INFINITE_RECURSION = YES;
				CLANG_WARN_INT_CONVERSION = YES;
				CLANG_WARN_OBJC_ROOT_CLASS = YES_ERROR;
				CLANG_WARN_SUSPICIOUS_MOVES = YES;
				CLANG_WARN_UNREACHABLE_CODE = YES;
				CLANG_WARN__DUPLICATE_METHOD_MATCH = YES;
				"CODE_SIGN_IDENTITY[sdk=iphoneos*]" = "iPhone Developer";
				COPY_PHASE_STRIP = NO;
				DEBUG_INFORMATION_FORMAT = "dwarf-with-dsym";
				ENABLE_NS_ASSERTIONS = NO;
				ENABLE_STRICT_OBJC_MSGSEND = YES;
				GCC_C_LANGUAGE_STANDARD = gnu99;
				GCC_NO_COMMON_BLOCKS = YES;
				GCC_WARN_64_TO_32_BIT_CONVERSION = YES;
				GCC_WARN_ABOUT_RETURN_TYPE = YES_ERROR;
				GCC_WARN_UNDECLARED_SELECTOR = YES;
				GCC_WARN_UNINITIALIZED_AUTOS = YES_AGGRESSIVE;
				GCC_WARN_UNUSED_FUNCTION = YES;
				GCC_WARN_UNUSED_VARIABLE = YES;
				IPHONEOS_DEPLOYMENT_TARGET = 10.0;
				MTL_ENABLE_DEBUG_INFO = NO;
				SDKROOT = iphoneos;
				SWIFT_OPTIMIZATION_LEVEL = "-Owholemodule";
				TARGETED_DEVICE_FAMILY = "1,2";
				VALIDATE_PRODUCT = YES;
			};
			name = Release;
		};
		D7F372B61EC18F8D004F9457 /* Debug */ = {
			isa = XCBuildConfiguration;
			baseConfigurationReference = B3216DC3B513B89868FF99FD /* Pods-PokeDex.debug.xcconfig */;
			buildSettings = {
				ASSETCATALOG_COMPILER_APPICON_NAME = AppIcon;
				INFOPLIST_FILE = PokeDex/Info.plist;
				LD_RUNPATH_SEARCH_PATHS = "$(inherited) @executable_path/Frameworks";
				PRODUCT_BUNDLE_IDENTIFIER = com.sachin.PokeDex;
				PRODUCT_NAME = "$(TARGET_NAME)";
				SWIFT_VERSION = 3.0;
			};
			name = Debug;
		};
		D7F372B71EC18F8D004F9457 /* Release */ = {
			isa = XCBuildConfiguration;
			baseConfigurationReference = D18A1252C15F984DD645518F /* Pods-PokeDex.release.xcconfig */;
			buildSettings = {
				ASSETCATALOG_COMPILER_APPICON_NAME = AppIcon;
				INFOPLIST_FILE = PokeDex/Info.plist;
				LD_RUNPATH_SEARCH_PATHS = "$(inherited) @executable_path/Frameworks";
				PRODUCT_BUNDLE_IDENTIFIER = com.sachin.PokeDex;
				PRODUCT_NAME = "$(TARGET_NAME)";
				SWIFT_VERSION = 3.0;
			};
			name = Release;
		};
/* End XCBuildConfiguration section */

/* Begin XCConfigurationList section */
		D7F372881EC18F8D004F9457 /* Build configuration list for PBXProject "PokeDex" */ = {
			isa = XCConfigurationList;
			buildConfigurations = (
				D7F372B31EC18F8D004F9457 /* Debug */,
				D7F372B41EC18F8D004F9457 /* Release */,
			);
			defaultConfigurationIsVisible = 0;
			defaultConfigurationName = Release;
		};
		D7F372B51EC18F8D004F9457 /* Build configuration list for PBXNativeTarget "PokeDex" */ = {
			isa = XCConfigurationList;
			buildConfigurations = (
				D7F372B61EC18F8D004F9457 /* Debug */,
				D7F372B71EC18F8D004F9457 /* Release */,
			);
			defaultConfigurationIsVisible = 0;
			defaultConfigurationName = Release;
		};
/* End XCConfigurationList section */
	};
	rootObject = D7F372851EC18F8D004F9457 /* Project object */;
}
